
Microsoft Visual Studio Solution File, Format Version 12.00
# Visual Studio Version 16
VisualStudioVersion = 16.0.29306.81
MinimumVisualStudioVersion = 10.0.40219.1
Project("{FAE04EC0-301F-11D3-BF4B-00C04F79EFBC}") = "LINQ7", "LINQ7\LINQ7.csproj", "{04167CBC-8A47-44D6-ACBC-5F7C6EF4517A}"
EndProject
Global
	GlobalSection(SolutionConfigurationPlatforms) = preSolution
		Debug|Any CPU = Debug|Any CPU
		Release|Any CPU = Release|Any CPU
	EndGlobalSection
	GlobalSection(ProjectConfigurationPlatforms) = postSolution
		{04167CBC-8A47-44D6-ACBC-5F7C6EF4517A}.Debug|Any CPU.ActiveCfg = Debug|Any CPU
		{04167CBC-8A47-44D6-ACBC-5F7C6EF4517A}.Debug|Any CPU.Build.0 = Debug|Any CPU
		{04167CBC-8A47-44D6-ACBC-5F7C6EF4517A}.Release|Any CPU.ActiveCfg = Release|Any CPU
		{04167CBC-8A47-44D6-ACBC-5F7C6EF4517A}.Release|Any CPU.Build.0 = Release|Any CPU
	EndGlobalSection
	GlobalSection(SolutionProperties) = preSolution
		HideSolutionNode = FALSE
	EndGlobalSection
	GlobalSection(ExtensibilityGlobals) = postSolution
		SolutionGuid = {09A7A12A-B12A-4085-8DC0-3017A8AEEDF7}
	EndGlobalSection
EndGlobal
